
Microsoft Visual Studio Solution File, Format Version 12.00
# Visual Studio Version 16
VisualStudioVersion = 16.0.29509.3
MinimumVisualStudioVersion = 10.0.40219.1
Project("{9A19103F-16F7-4668-BE54-9A1E7A4F7556}") = "PMOS.DataAccess", "PMOS.DataAccess\PMOS.DataAccess.csproj", "{C878C1FE-36F9-4EA0-9384-CF487EDEBB1A}"
EndProject
Project("{FAE04EC0-301F-11D3-BF4B-00C04F79EFBC}") = "PMOS.Identity", "PMOS.Identity\PMOS.Identity.csproj", "{BC13190D-7E04-4FB1-83F1-F0F2D8DF4936}"
EndProject
Project("{FAE04EC0-301F-11D3-BF4B-00C04F79EFBC}") = "PMOS.Logic", "PMOS.Logic\PMOS.Logic.csproj", "{72F43963-2F3F-4F5A-9AC2-70A977D11C9F}"
EndProject
Project("{FAE04EC0-301F-11D3-BF4B-00C04F79EFBC}") = "PMOS.UI.Web", "PMOS.UI.Web\PMOS.UI.Web.csproj", "{50109200-7C6E-4F42-BF8D-F5186127FCF3}"
EndProject
Project("{FAE04EC0-301F-11D3-BF4B-00C04F79EFBC}") = "PMOS.DTO", "PMOS.DTO\PMOS.DTO.csproj", "{E452D217-11AE-46E1-9E40-2F5CE4A234FA}"
EndProject
Global
	GlobalSection(SolutionConfigurationPlatforms) = preSolution
		Debug|Any CPU = Debug|Any CPU
		Release|Any CPU = Release|Any CPU
	EndGlobalSection
	GlobalSection(ProjectConfigurationPlatforms) = postSolution
		{C878C1FE-36F9-4EA0-9384-CF487EDEBB1A}.Debug|Any CPU.ActiveCfg = Debug|Any CPU
		{C878C1FE-36F9-4EA0-9384-CF487EDEBB1A}.Debug|Any CPU.Build.0 = Debug|Any CPU
		{C878C1FE-36F9-4EA0-9384-CF487EDEBB1A}.Release|Any CPU.ActiveCfg = Release|Any CPU
		{C878C1FE-36F9-4EA0-9384-CF487EDEBB1A}.Release|Any CPU.Build.0 = Release|Any CPU
		{BC13190D-7E04-4FB1-83F1-F0F2D8DF4936}.Debug|Any CPU.ActiveCfg = Debug|Any CPU
		{BC13190D-7E04-4FB1-83F1-F0F2D8DF4936}.Debug|Any CPU.Build.0 = Debug|Any CPU
		{BC13190D-7E04-4FB1-83F1-F0F2D8DF4936}.Release|Any CPU.ActiveCfg = Release|Any CPU
		{BC13190D-7E04-4FB1-83F1-F0F2D8DF4936}.Release|Any CPU.Build.0 = Release|Any CPU
		{72F43963-2F3F-4F5A-9AC2-70A977D11C9F}.Debug|Any CPU.ActiveCfg = Debug|Any CPU
		{72F43963-2F3F-4F5A-9AC2-70A977D11C9F}.Debug|Any CPU.Build.0 = Debug|Any CPU
		{72F43963-2F3F-4F5A-9AC2-70A977D11C9F}.Release|Any CPU.ActiveCfg = Release|Any CPU
		{72F43963-2F3F-4F5A-9AC2-70A977D11C9F}.Release|Any CPU.Build.0 = Release|Any CPU
		{50109200-7C6E-4F42-BF8D-F5186127FCF3}.Debug|Any CPU.ActiveCfg = Debug|Any CPU
		{50109200-7C6E-4F42-BF8D-F5186127FCF3}.Debug|Any CPU.Build.0 = Debug|Any CPU
		{50109200-7C6E-4F42-BF8D-F5186127FCF3}.Release|Any CPU.ActiveCfg = Release|Any CPU
		{50109200-7C6E-4F42-BF8D-F5186127FCF3}.Release|Any CPU.Build.0 = Release|Any CPU
		{E452D217-11AE-46E1-9E40-2F5CE4A234FA}.Debug|Any CPU.ActiveCfg = Debug|Any CPU
		{E452D217-11AE-46E1-9E40-2F5CE4A234FA}.Debug|Any CPU.Build.0 = Debug|Any CPU
		{E452D217-11AE-46E1-9E40-2F5CE4A234FA}.Release|Any CPU.ActiveCfg = Release|Any CPU
		{E452D217-11AE-46E1-9E40-2F5CE4A234FA}.Release|Any CPU.Build.0 = Release|Any CPU
	EndGlobalSection
	GlobalSection(SolutionProperties) = preSolution
		HideSolutionNode = FALSE
	EndGlobalSection
	GlobalSection(ExtensibilityGlobals) = postSolution
		SolutionGuid = {7BD05686-DF63-401E-96AC-6BB14106386C}
	EndGlobalSection
EndGlobal
